// !$*UTF8*$!
{
	archiveVersion = 1;
	classes = {
	};
	objectVersion = 77;
	objects = {

/* Begin PBXContainerItemProxy section */
		64FE49B02CC8A51600C98BE6 /* PBXContainerItemProxy */ = {
			isa = PBXContainerItemProxy;
			containerPortal = 64FE49922CC8A51500C98BE6 /* Project object */;
			proxyType = 1;
			remoteGlobalIDString = 64FE49992CC8A51500C98BE6;
			remoteInfo = LittleLemonCapstoneApp;
		};
		64FE49BA2CC8A51600C98BE6 /* PBXContainerItemProxy */ = {
			isa = PBXContainerItemProxy;
			containerPortal = 64FE49922CC8A51500C98BE6 /* Project object */;
			proxyType = 1;
			remoteGlobalIDString = 64FE49992CC8A51500C98BE6;
			remoteInfo = LittleLemonCapstoneApp;
		};
/* End PBXContainerItemProxy section */

/* Begin PBXFileReference section */
		64FE499A2CC8A51500C98BE6 /* LittleLemonCapstoneApp.app */ = {isa = PBXFileReference; explicitFileType = wrapper.application; includeInIndex = 0; path = LittleLemonCapstoneApp.app; sourceTree = BUILT_PRODUCTS_DIR; };
		64FE49AF2CC8A51600C98BE6 /* LittleLemonCapstoneAppTests.xctest */ = {isa = PBXFileReference; explicitFileType = wrapper.cfbundle; includeInIndex = 0; path = LittleLemonCapstoneAppTests.xctest; sourceTree = BUILT_PRODUCTS_DIR; };
		64FE49B92CC8A51600C98BE6 /* LittleLemonCapstoneAppUITests.xctest */ = {isa = PBXFileReference; explicitFileType = wrapper.cfbundle; includeInIndex = 0; path = LittleLemonCapstoneAppUITests.xctest; sourceTree = BUILT_PRODUCTS_DIR; };
/* End PBXFileReference section */

/* Begin PBXFileSystemSynchronizedRootGroup section */
		64FE499C2CC8A51500C98BE6 /* LittleLemonCapstoneApp */ = {
			isa = PBXFileSystemSynchronizedRootGroup;
			path = LittleLemonCapstoneApp;
			sourceTree = "<group>";
		};
		64FE49B22CC8A51600C98BE6 /* LittleLemonCapstoneAppTests */ = {
			isa = PBXFileSystemSynchronizedRootGroup;
			path = LittleLemonCapstoneAppTests;
			sourceTree = "<group>";
		};
		64FE49BC2CC8A51600C98BE6 /* LittleLemonCapstoneAppUITests */ = {
			isa = PBXFileSystemSynchronizedRootGroup;
			path = LittleLemonCapstoneAppUITests;
			sourceTree = "<group>";
		};
/* End PBXFileSystemSynchronizedRootGroup section */

/* Begin PBXFrameworksBuildPhase section */
		64FE49972CC8A51500C98BE6 /* Frameworks */ = {
			isa = PBXFrameworksBuildPhase;
			buildActionMask = 2147483647;
			files = (
			);
			runOnlyForDeploymentPostprocessing = 0;
		};
		64FE49AC2CC8A51600C98BE6 /* Frameworks */ = {
			isa = PBXFrameworksBuildPhase;
			buildActionMask = 2147483647;
			files = (
			);
			runOnlyForDeploymentPostprocessing = 0;
		};
		64FE49B62CC8A51600C98BE6 /* Frameworks */ = {
			isa = PBXFrameworksBuildPhase;
			buildActionMask = 2147483647;
			files = (
			);
			runOnlyForDeploymentPostprocessing = 0;
		};
/* End PBXFrameworksBuildPhase section */

/* Begin PBXGroup section */
		64FE49912CC8A51500C98BE6 = {
			isa = PBXGroup;
			children = (
				64FE499C2CC8A51500C98BE6 /* LittleLemonCapstoneApp */,
				64FE49B22CC8A51600C98BE6 /* LittleLemonCapstoneAppTests */,
				64FE49BC2CC8A51600C98BE6 /* LittleLemonCapstoneAppUITests */,
				64FE499B2CC8A51500C98BE6 /* Products */,
			);
			sourceTree = "<group>";
		};
		64FE499B2CC8A51500C98BE6 /* Products */ = {
			isa = PBXGroup;
			children = (
				64FE499A2CC8A51500C98BE6 /* LittleLemonCapstoneApp.app */,
				64FE49AF2CC8A51600C98BE6 /* LittleLemonCapstoneAppTests.xctest */,
				64FE49B92CC8A51600C98BE6 /* LittleLemonCapstoneAppUITests.xctest */,
			);
			name = Products;
			sourceTree = "<group>";
		};
/* End PBXGroup section */

/* Begin PBXNativeTarget section */
		64FE49992CC8A51500C98BE6 /* LittleLemonCapstoneApp */ = {
			isa = PBXNativeTarget;
			buildConfigurationList = 64FE49C32CC8A51600C98BE6 /* Build configuration list for PBXNativeTarget "LittleLemonCapstoneApp" */;
			buildPhases = (
				64FE49962CC8A51500C98BE6 /* Sources */,
				64FE49972CC8A51500C98BE6 /* Frameworks */,
				64FE49982CC8A51500C98BE6 /* Resources */,
			);
			buildRules = (
			);
			dependencies = (
			);
			fileSystemSynchronizedGroups = (
				64FE499C2CC8A51500C98BE6 /* LittleLemonCapstoneApp */,
			);
			name = LittleLemonCapstoneApp;
			packageProductDependencies = (
			);
			productName = LittleLemonCapstoneApp;
			productReference = 64FE499A2CC8A51500C98BE6 /* LittleLemonCapstoneApp.app */;
			productType = "com.apple.product-type.application";
		};
		64FE49AE2CC8A51600C98BE6 /* LittleLemonCapstoneAppTests */ = {
			isa = PBXNativeTarget;
			buildConfigurationList = 64FE49C62CC8A51600C98BE6 /* Build configuration list for PBXNativeTarget "LittleLemonCapstoneAppTests" */;
			buildPhases = (
				64FE49AB2CC8A51600C98BE6 /* Sources */,
				64FE49AC2CC8A51600C98BE6 /* Frameworks */,
				64FE49AD2CC8A51600C98BE6 /* Resources */,
			);
			buildRules = (
			);
			dependencies = (
				64FE49B12CC8A51600C98BE6 /* PBXTargetDependency */,
			);
			fileSystemSynchronizedGroups = (
				64FE49B22CC8A51600C98BE6 /* LittleLemonCapstoneAppTests */,
			);
			name = LittleLemonCapstoneAppTests;
			packageProductDependencies = (
			);
			productName = LittleLemonCapstoneAppTests;
			productReference = 64FE49AF2CC8A51600C98BE6 /* LittleLemonCapstoneAppTests.xctest */;
			productType = "com.apple.product-type.bundle.unit-test";
		};
		64FE49B82CC8A51600C98BE6 /* LittleLemonCapstoneAppUITests */ = {
			isa = PBXNativeTarget;
			buildConfigurationList = 64FE49C92CC8A51600C98BE6 /* Build configuration list for PBXNativeTarget "LittleLemonCapstoneAppUITests" */;
			buildPhases = (
				64FE49B52CC8A51600C98BE6 /* Sources */,
				64FE49B62CC8A51600C98BE6 /* Frameworks */,
				64FE49B72CC8A51600C98BE6 /* Resources */,
			);
			buildRules = (
			);
			dependencies = (
				64FE49BB2CC8A51600C98BE6 /* PBXTargetDependency */,
			);
			fileSystemSynchronizedGroups = (
				64FE49BC2CC8A51600C98BE6 /* LittleLemonCapstoneAppUITests */,
			);
			name = LittleLemonCapstoneAppUITests;
			packageProductDependencies = (
			);
			productName = LittleLemonCapstoneAppUITests;
			productReference = 64FE49B92CC8A51600C98BE6 /* LittleLemonCapstoneAppUITests.xctest */;
			productType = "com.apple.product-type.bundle.ui-testing";
		};
/* End PBXNativeTarget section */

/* Begin PBXProject section */
		64FE49922CC8A51500C98BE6 /* Project object */ = {
			isa = PBXProject;
			attributes = {
				BuildIndependentTargetsInParallel = 1;
				LastSwiftUpdateCheck = 1600;
				LastUpgradeCheck = 1600;
				TargetAttributes = {
					64FE49992CC8A51500C98BE6 = {
						CreatedOnToolsVersion = 16.0;
					};
					64FE49AE2CC8A51600C98BE6 = {
						CreatedOnToolsVersion = 16.0;
						TestTargetID = 64FE49992CC8A51500C98BE6;
					};
					64FE49B82CC8A51600C98BE6 = {
						CreatedOnToolsVersion = 16.0;
						TestTargetID = 64FE49992CC8A51500C98BE6;
					};
				};
			};
			buildConfigurationList = 64FE49952CC8A51500C98BE6 /* Build configuration list for PBXProject "LittleLemonCapstoneApp" */;
			developmentRegion = en;
			hasScannedForEncodings = 0;
			knownRegions = (
				en,
				Base,
			);
			mainGroup = 64FE49912CC8A51500C98BE6;
			minimizedProjectReferenceProxies = 1;
			preferredProjectObjectVersion = 77;
			productRefGroup = 64FE499B2CC8A51500C98BE6 /* Products */;
			projectDirPath = "";
			projectRoot = "";
			targets = (
				64FE49992CC8A51500C98BE6 /* LittleLemonCapstoneApp */,
				64FE49AE2CC8A51600C98BE6 /* LittleLemonCapstoneAppTests */,
				64FE49B82CC8A51600C98BE6 /* LittleLemonCapstoneAppUITests */,
			);
		};
/* End PBXProject section */

/* Begin PBXResourcesBuildPhase section */
		64FE49982CC8A51500C98BE6 /* Resources */ = {
			isa = PBXResourcesBuildPhase;
			buildActionMask = 2147483647;
			files = (
			);
			runOnlyForDeploymentPostprocessing = 0;
		};
		64FE49AD2CC8A51600C98BE6 /* Resources */ = {
			isa = PBXResourcesBuildPhase;
			buildActionMask = 2147483647;
			files = (
			);
			runOnlyForDeploymentPostprocessing = 0;
		};
		64FE49B72CC8A51600C98BE6 /* Resources */ = {
			isa = PBXResourcesBuildPhase;
			buildActionMask = 2147483647;
			files = (
			);
			runOnlyForDeploymentPostprocessing = 0;
		};
/* End PBXResourcesBuildPhase section */

/* Begin PBXSourcesBuildPhase section */
		64FE49962CC8A51500C98BE6 /* Sources */ = {
			isa = PBXSourcesBuildPhase;
			buildActionMask = 2147483647;
			files = (
			);
			runOnlyForDeploymentPostprocessing = 0;
		};
		64FE49AB2CC8A51600C98BE6 /* Sources */ = {
			isa = PBXSourcesBuildPhase;
			buildActionMask = 2147483647;
			files = (
			);
			runOnlyForDeploymentPostprocessing = 0;
		};
		64FE49B52CC8A51600C98BE6 /* Sources */ = {
			isa = PBXSourcesBuildPhase;
			buildActionMask = 2147483647;
			files = (
			);
			runOnlyForDeploymentPostprocessing = 0;
		};
/* End PBXSourcesBuildPhase section */

/* Begin PBXTargetDependency section */
		64FE49B12CC8A51600C98BE6 /* PBXTargetDependency */ = {
			isa = PBXTargetDependency;
			target = 64FE49992CC8A51500C98BE6 /* LittleLemonCapstoneApp */;
			targetProxy = 64FE49B02CC8A51600C98BE6 /* PBXContainerItemProxy */;
		};
		64FE49BB2CC8A51600C98BE6 /* PBXTargetDependency */ = {
			isa = PBXTargetDependency;
			target = 64FE49992CC8A51500C98BE6 /* LittleLemonCapstoneApp */;
			targetProxy = 64FE49BA2CC8A51600C98BE6 /* PBXContainerItemProxy */;
		};
/* End PBXTargetDependency section */

/* Begin XCBuildConfiguration section */
		64FE49C12CC8A51600C98BE6 /* Debug */ = {
			isa = XCBuildConfiguration;
			buildSettings = {
				ALWAYS_SEARCH_USER_PATHS = NO;
				ASSETCATALOG_COMPILER_GENERATE_SWIFT_ASSET_SYMBOL_EXTENSIONS = YES;
				CLANG_ANALYZER_NONNULL = YES;
				CLANG_ANALYZER_NUMBER_OBJECT_CONVERSION = YES_AGGRESSIVE;
				CLANG_CXX_LANGUAGE_STANDARD = "gnu++20";
				CLANG_ENABLE_MODULES = YES;
				CLANG_ENABLE_OBJC_ARC = YES;
				CLANG_ENABLE_OBJC_WEAK = YES;
				CLANG_WARN_BLOCK_CAPTURE_AUTORELEASING = YES;
				CLANG_WARN_BOOL_CONVERSION = YES;
				CLANG_WARN_COMMA = YES;
				CLANG_WARN_CONSTANT_CONVERSION = YES;
				CLANG_WARN_DEPRECATED_OBJC_IMPLEMENTATIONS = YES;
				CLANG_WARN_DIRECT_OBJC_ISA_USAGE = YES_ERROR;
				CLANG_WARN_DOCUMENTATION_COMMENTS = YES;
				CLANG_WARN_EMPTY_BODY = YES;
				CLANG_WARN_ENUM_CONVERSION = YES;
				CLANG_WARN_INFINITE_RECURSION = YES;
				CLANG_WARN_INT_CONVERSION = YES;
				CLANG_WARN_NON_LITERAL_NULL_CONVERSION = YES;
				CLANG_WARN_OBJC_IMPLICIT_RETAIN_SELF = YES;
				CLANG_WARN_OBJC_LITERAL_CONVERSION = YES;
				CLANG_WARN_OBJC_ROOT_CLASS = YES_ERROR;
				CLANG_WARN_QUOTED_INCLUDE_IN_FRAMEWORK_HEADER = YES;
				CLANG_WARN_RANGE_LOOP_ANALYSIS = YES;
				CLANG_WARN_STRICT_PROTOTYPES = YES;
				CLANG_WARN_SUSPICIOUS_MOVE = YES;
				CLANG_WARN_UNGUARDED_AVAILABILITY = YES_AGGRESSIVE;
				CLANG_WARN_UNREACHABLE_CODE = YES;
				CLANG_WARN__DUPLICATE_METHOD_MATCH = YES;
				COPY_PHASE_STRIP = NO;
				DEBUG_INFORMATION_FORMAT = dwarf;
				ENABLE_STRICT_OBJC_MSGSEND = YES;
				ENABLE_TESTABILITY = YES;
				ENABLE_USER_SCRIPT_SANDBOXING = YES;
				GCC_C_LANGUAGE_STANDARD = gnu17;
				GCC_DYNAMIC_NO_PIC = NO;
				GCC_NO_COMMON_BLOCKS = YES;
				GCC_OPTIMIZATION_LEVEL = 0;
				GCC_PREPROCESSOR_DEFINITIONS = (
					"DEBUG=1",
					"$(inherited)",
				);
				GCC_WARN_64_TO_32_BIT_CONVERSION = YES;
				GCC_WARN_ABOUT_RETURN_TYPE = YES_ERROR;
				GCC_WARN_UNDECLARED_SELECTOR = YES;
				GCC_WARN_UNINITIALIZED_AUTOS = YES_AGGRESSIVE;
				GCC_WARN_UNUSED_FUNCTION = YES;
				GCC_WARN_UNUSED_VARIABLE = YES;
				IPHONEOS_DEPLOYMENT_TARGET = 18.0;
				LOCALIZATION_PREFERS_STRING_CATALOGS = YES;
				MTL_ENABLE_DEBUG_INFO = INCLUDE_SOURCE;
				MTL_FAST_MATH = YES;
				ONLY_ACTIVE_ARCH = YES;
				SDKROOT = iphoneos;
				SWIFT_ACTIVE_COMPILATION_CONDITIONS = "DEBUG $(inherited)";
				SWIFT_OPTIMIZATION_LEVEL = "-Onone";
			};
			name = Debug;
		};
		64FE49C22CC8A51600C98BE6 /* Release */ = {
			isa = XCBuildConfiguration;
			buildSettings = {
				ALWAYS_SEARCH_USER_PATHS = NO;
				ASSETCATALOG_COMPILER_GENERATE_SWIFT_ASSET_SYMBOL_EXTENSIONS = YES;
				CLANG_ANALYZER_NONNULL = YES;
				CLANG_ANALYZER_NUMBER_OBJECT_CONVERSION = YES_AGGRESSIVE;
				CLANG_CXX_LANGUAGE_STANDARD = "gnu++20";
				CLANG_ENABLE_MODULES = YES;
				CLANG_ENABLE_OBJC_ARC = YES;
				CLANG_ENABLE_OBJC_WEAK = YES;
				CLANG_WARN_BLOCK_CAPTURE_AUTORELEASING = YES;
				CLANG_WARN_BOOL_CONVERSION = YES;
				CLANG_WARN_COMMA = YES;
				CLANG_WARN_CONSTANT_CONVERSION = YES;
				CLANG_WARN_DEPRECATED_OBJC_IMPLEMENTATIONS = YES;
				CLANG_WARN_DIRECT_OBJC_ISA_USAGE = YES_ERROR;
				CLANG_WARN_DOCUMENTATION_COMMENTS = YES;
				CLANG_WARN_EMPTY_BODY = YES;
				CLANG_WARN_ENUM_CONVERSION = YES;
				CLANG_WARN_INFINITE_RECURSION = YES;
				CLANG_WARN_INT_CONVERSION = YES;
				CLANG_WARN_NON_LITERAL_NULL_CONVERSION = YES;
				CLANG_WARN_OBJC_IMPLICIT_RETAIN_SELF = YES;
				CLANG_WARN_OBJC_LITERAL_CONVERSION = YES;
				CLANG_WARN_OBJC_ROOT_CLASS = YES_ERROR;
				CLANG_WARN_QUOTED_INCLUDE_IN_FRAMEWORK_HEADER = YES;
				CLANG_WARN_RANGE_LOOP_ANALYSIS = YES;
				CLANG_WARN_STRICT_PROTOTYPES = YES;
				CLANG_WARN_SUSPICIOUS_MOVE = YES;
				CLANG_WARN_UNGUARDED_AVAILABILITY = YES_AGGRESSIVE;
				CLANG_WARN_UNREACHABLE_CODE = YES;
				CLANG_WARN__DUPLICATE_METHOD_MATCH = YES;
				COPY_PHASE_STRIP = NO;
				DEBUG_INFORMATION_FORMAT = "dwarf-with-dsym";
				ENABLE_NS_ASSERTIONS = NO;
				ENABLE_STRICT_OBJC_MSGSEND = YES;
				ENABLE_USER_SCRIPT_SANDBOXING = YES;
				GCC_C_LANGUAGE_STANDARD = gnu17;
				GCC_NO_COMMON_BLOCKS = YES;
				GCC_WARN_64_TO_32_BIT_CONVERSION = YES;
				GCC_WARN_ABOUT_RETURN_TYPE = YES_ERROR;
				GCC_WARN_UNDECLARED_SELECTOR = YES;
				GCC_WARN_UNINITIALIZED_AUTOS = YES_AGGRESSIVE;
				GCC_WARN_UNUSED_FUNCTION = YES;
				GCC_WARN_UNUSED_VARIABLE = YES;
				IPHONEOS_DEPLOYMENT_TARGET = 18.0;
				LOCALIZATION_PREFERS_STRING_CATALOGS = YES;
				MTL_ENABLE_DEBUG_INFO = NO;
				MTL_FAST_MATH = YES;
				SDKROOT = iphoneos;
				SWIFT_COMPILATION_MODE = wholemodule;
				VALIDATE_PRODUCT = YES;
			};
			name = Release;
		};
		64FE49C42CC8A51600C98BE6 /* Debug */ = {
			isa = XCBuildConfiguration;
			buildSettings = {
				ASSETCATALOG_COMPILER_APPICON_NAME = AppIcon;
				ASSETCATALOG_COMPILER_GLOBAL_ACCENT_COLOR_NAME = AccentColor;
				CODE_SIGN_STYLE = Automatic;
				CURRENT_PROJECT_VERSION = 1;
				DEVELOPMENT_ASSET_PATHS = "\"LittleLemonCapstoneApp/Preview Content\"";
				ENABLE_PREVIEWS = YES;
				GENERATE_INFOPLIST_FILE = YES;
				INFOPLIST_KEY_UIApplicationSceneManifest_Generation = YES;
				INFOPLIST_KEY_UIApplicationSupportsIndirectInputEvents = YES;
				INFOPLIST_KEY_UILaunchScreen_Generation = YES;
				INFOPLIST_KEY_UISupportedInterfaceOrientations_iPad = "UIInterfaceOrientationPortrait UIInterfaceOrientationPortraitUpsideDown UIInterfaceOrientationLandscapeLeft UIInterfaceOrientationLandscapeRight";
				INFOPLIST_KEY_UISupportedInterfaceOrientations_iPhone = "UIInterfaceOrientationPortrait UIInterfaceOrientationLandscapeLeft UIInterfaceOrientationLandscapeRight";
				LD_RUNPATH_SEARCH_PATHS = (
					"$(inherited)",
					"@executable_path/Frameworks",
				);
				MARKETING_VERSION = 1.0;
				PRODUCT_BUNDLE_IDENTIFIER = asdlj.LittleLemonCapstoneApp;
				PRODUCT_NAME = "$(TARGET_NAME)";
				SWIFT_EMIT_LOC_STRINGS = YES;
				SWIFT_VERSION = 5.0;
				TARGETED_DEVICE_FAMILY = "1,2";
			};
			name = Debug;
		};
		64FE49C52CC8A51600C98BE6 /* Release */ = {
			isa = XCBuildConfiguration;
			buildSettings = {
				ASSETCATALOG_COMPILER_APPICON_NAME = AppIcon;
				ASSETCATALOG_COMPILER_GLOBAL_ACCENT_COLOR_NAME = AccentColor;
				CODE_SIGN_STYLE = Automatic;
				CURRENT_PROJECT_VERSION = 1;
				DEVELOPMENT_ASSET_PATHS = "\"LittleLemonCapstoneApp/Preview Content\"";
				ENABLE_PREVIEWS = YES;
				GENERATE_INFOPLIST_FILE = YES;
				INFOPLIST_KEY_UIApplicationSceneManifest_Generation = YES;
				INFOPLIST_KEY_UIApplicationSupportsIndirectInputEvents = YES;
				INFOPLIST_KEY_UILaunchScreen_Generation = YES;
				INFOPLIST_KEY_UISupportedInterfaceOrientations_iPad = "UIInterfaceOrientationPortrait UIInterfaceOrientationPortraitUpsideDown UIInterfaceOrientationLandscapeLeft UIInterfaceOrientationLandscapeRight";
				INFOPLIST_KEY_UISupportedInterfaceOrientations_iPhone = "UIInterfaceOrientationPortrait UIInterfaceOrientationLandscapeLeft UIInterfaceOrientationLandscapeRight";
				LD_RUNPATH_SEARCH_PATHS = (
					"$(inherited)",
					"@executable_path/Frameworks",
				);
				MARKETING_VERSION = 1.0;
				PRODUCT_BUNDLE_IDENTIFIER = asdlj.LittleLemonCapstoneApp;
				PRODUCT_NAME = "$(TARGET_NAME)";
				SWIFT_EMIT_LOC_STRINGS = YES;
				SWIFT_VERSION = 5.0;
				TARGETED_DEVICE_FAMILY = "1,2";
			};
			name = Release;
		};
		64FE49C72CC8A51600C98BE6 /* Debug */ = {
			isa = XCBuildConfiguration;
			buildSettings = {
				BUNDLE_LOADER = "$(TEST_HOST)";
				CODE_SIGN_STYLE = Automatic;
				CURRENT_PROJECT_VERSION = 1;
				GENERATE_INFOPLIST_FILE = YES;
				IPHONEOS_DEPLOYMENT_TARGET = 18.0;
				MARKETING_VERSION = 1.0;
				PRODUCT_BUNDLE_IDENTIFIER = asdlj.LittleLemonCapstoneAppTests;
				PRODUCT_NAME = "$(TARGET_NAME)";
				SWIFT_EMIT_LOC_STRINGS = NO;
				SWIFT_VERSION = 5.0;
				TARGETED_DEVICE_FAMILY = "1,2";
				TEST_HOST = "$(BUILT_PRODUCTS_DIR)/LittleLemonCapstoneApp.app/$(BUNDLE_EXECUTABLE_FOLDER_PATH)/LittleLemonCapstoneApp";
			};
			name = Debug;
		};
		64FE49C82CC8A51600C98BE6 /* Release */ = {
			isa = XCBuildConfiguration;
			buildSettings = {
				BUNDLE_LOADER = "$(TEST_HOST)";
				CODE_SIGN_STYLE = Automatic;
				CURRENT_PROJECT_VERSION = 1;
				GENERATE_INFOPLIST_FILE = YES;
				IPHONEOS_DEPLOYMENT_TARGET = 18.0;
				MARKETING_VERSION = 1.0;
				PRODUCT_BUNDLE_IDENTIFIER = asdlj.LittleLemonCapstoneAppTests;
				PRODUCT_NAME = "$(TARGET_NAME)";
				SWIFT_EMIT_LOC_STRINGS = NO;
				SWIFT_VERSION = 5.0;
				TARGETED_DEVICE_FAMILY = "1,2";
				TEST_HOST = "$(BUILT_PRODUCTS_DIR)/LittleLemonCapstoneApp.app/$(BUNDLE_EXECUTABLE_FOLDER_PATH)/LittleLemonCapstoneApp";
			};
			name = Release;
		};
		64FE49CA2CC8A51600C98BE6 /* Debug */ = {
			isa = XCBuildConfiguration;
			buildSettings = {
				CODE_SIGN_STYLE = Automatic;
				CURRENT_PROJECT_VERSION = 1;
				GENERATE_INFOPLIST_FILE = YES;
				MARKETING_VERSION = 1.0;
				PRODUCT_BUNDLE_IDENTIFIER = asdlj.LittleLemonCapstoneAppUITests;
				PRODUCT_NAME = "$(TARGET_NAME)";
				SWIFT_EMIT_LOC_STRINGS = NO;
				SWIFT_VERSION = 5.0;
				TARGETED_DEVICE_FAMILY = "1,2";
				TEST_TARGET_NAME = LittleLemonCapstoneApp;
			};
			name = Debug;
		};
		64FE49CB2CC8A51600C98BE6 /* Release */ = {
			isa = XCBuildConfiguration;
			buildSettings = {
				CODE_SIGN_STYLE = Automatic;
				CURRENT_PROJECT_VERSION = 1;
				GENERATE_INFOPLIST_FILE = YES;
				MARKETING_VERSION = 1.0;
				PRODUCT_BUNDLE_IDENTIFIER = asdlj.LittleLemonCapstoneAppUITests;
				PRODUCT_NAME = "$(TARGET_NAME)";
				SWIFT_EMIT_LOC_STRINGS = NO;
				SWIFT_VERSION = 5.0;
				TARGETED_DEVICE_FAMILY = "1,2";
				TEST_TARGET_NAME = LittleLemonCapstoneApp;
			};
			name = Release;
		};
/* End XCBuildConfiguration section */

/* Begin XCConfigurationList section */
		64FE49952CC8A51500C98BE6 /* Build configuration list for PBXProject "LittleLemonCapstoneApp" */ = {
			isa = XCConfigurationList;
			buildConfigurations = (
				64FE49C12CC8A51600C98BE6 /* Debug */,
				64FE49C22CC8A51600C98BE6 /* Release */,
			);
			defaultConfigurationIsVisible = 0;
			defaultConfigurationName = Release;
		};
		64FE49C32CC8A51600C98BE6 /* Build configuration list for PBXNativeTarget "LittleLemonCapstoneApp" */ = {
			isa = XCConfigurationList;
			buildConfigurations = (
				64FE49C42CC8A51600C98BE6 /* Debug */,
				64FE49C52CC8A51600C98BE6 /* Release */,
			);
			defaultConfigurationIsVisible = 0;
			defaultConfigurationName = Release;
		};
		64FE49C62CC8A51600C98BE6 /* Build configuration list for PBXNativeTarget "LittleLemonCapstoneAppTests" */ = {
			isa = XCConfigurationList;
			buildConfigurations = (
				64FE49C72CC8A51600C98BE6 /* Debug */,
				64FE49C82CC8A51600C98BE6 /* Release */,
			);
			defaultConfigurationIsVisible = 0;
			defaultConfigurationName = Release;
		};
		64FE49C92CC8A51600C98BE6 /* Build configuration list for PBXNativeTarget "LittleLemonCapstoneAppUITests" */ = {
			isa = XCConfigurationList;
			buildConfigurations = (
				64FE49CA2CC8A51600C98BE6 /* Debug */,
				64FE49CB2CC8A51600C98BE6 /* Release */,
			);
			defaultConfigurationIsVisible = 0;
			defaultConfigurationName = Release;
		};
/* End XCConfigurationList section */
	};
	rootObject = 64FE49922CC8A51500C98BE6 /* Project object */;
}
